{
  "name": "Human-Resource-Management-System",
  "lockfileVersion": 2,
  "requires": true,
  "packages": {
    "": {
      "dependencies": {
        "@coreui/icons": "^2.1.0"
      }
    },
    "node_modules/@coreui/icons": {
      "version": "2.1.0",
      "resolved": "https://registry.npmjs.org/@coreui/icons/-/icons-2.1.0.tgz",
      "integrity": "sha512-3yY9J0088TSY403jwJeP5YERH3RLOvxdhOa4VIQsGOX4fuQZiyVUM+vwlzyCSpgAv9NwKPkCor+gc+JJaYf0TA=="
    }
  },
  "dependencies": {
    "@coreui/icons": {
      "version": "2.1.0",
      "resolved": "https://registry.npmjs.org/@coreui/icons/-/icons-2.1.0.tgz",
      "integrity": "sha512-3yY9J0088TSY403jwJeP5YERH3RLOvxdhOa4VIQsGOX4fuQZiyVUM+vwlzyCSpgAv9NwKPkCor+gc+JJaYf0TA=="
    }
  }
}
